
Microsoft Visual Studio Solution File, Format Version 12.00
# Visual Studio Version 16
VisualStudioVersion = 16.0.29306.81
MinimumVisualStudioVersion = 10.0.40219.1
Project("{FAE04EC0-301F-11D3-BF4B-00C04F79EFBC}") = "OOPLab6", "OOPLab6\OOPLab6.csproj", "{8FB1B68E-4EC9-426C-9293-FE09AE54680D}"
EndProject
Project("{FAE04EC0-301F-11D3-BF4B-00C04F79EFBC}") = "WpfCustomControlLibrary", "WpfCustomControlLibrary\WpfCustomControlLibrary.csproj", "{A42A659A-B65A-4E41-B140-CC68D6821A6E}"
EndProject
Global
	GlobalSection(SolutionConfigurationPlatforms) = preSolution
		Debug|Any CPU = Debug|Any CPU
		Release|Any CPU = Release|Any CPU
	EndGlobalSection
	GlobalSection(ProjectConfigurationPlatforms) = postSolution
		{8FB1B68E-4EC9-426C-9293-FE09AE54680D}.Debug|Any CPU.ActiveCfg = Debug|Any CPU
		{8FB1B68E-4EC9-426C-9293-FE09AE54680D}.Debug|Any CPU.Build.0 = Debug|Any CPU
		{8FB1B68E-4EC9-426C-9293-FE09AE54680D}.Release|Any CPU.ActiveCfg = Release|Any CPU
		{8FB1B68E-4EC9-426C-9293-FE09AE54680D}.Release|Any CPU.Build.0 = Release|Any CPU
		{A42A659A-B65A-4E41-B140-CC68D6821A6E}.Debug|Any CPU.ActiveCfg = Debug|Any CPU
		{A42A659A-B65A-4E41-B140-CC68D6821A6E}.Debug|Any CPU.Build.0 = Debug|Any CPU
		{A42A659A-B65A-4E41-B140-CC68D6821A6E}.Release|Any CPU.ActiveCfg = Release|Any CPU
		{A42A659A-B65A-4E41-B140-CC68D6821A6E}.Release|Any CPU.Build.0 = Release|Any CPU
	EndGlobalSection
	GlobalSection(SolutionProperties) = preSolution
		HideSolutionNode = FALSE
	EndGlobalSection
	GlobalSection(ExtensibilityGlobals) = postSolution
		SolutionGuid = {AA836739-98A9-4E2E-9BF6-8C1AA0BB301D}
	EndGlobalSection
EndGlobal
